
Microsoft Visual Studio Solution File, Format Version 12.00
# Visual Studio 14
VisualStudioVersion = 14.0.25123.0
MinimumVisualStudioVersion = 10.0.40219.1
Project("{2150E333-8FDC-42A3-9474-1A3956D46DE8}") = "10 Clients", "10 Clients", "{C68807E7-4AB6-4075-8B0F-B718201BFB58}"
EndProject
Project("{2150E333-8FDC-42A3-9474-1A3956D46DE8}") = "30 Business Layer Interfaces", "30 Business Layer Interfaces", "{46FA2355-DF25-46A8-B21D-0DBA8205F68B}"
EndProject
Project("{2150E333-8FDC-42A3-9474-1A3956D46DE8}") = "40 Repository Interfaces", "40 Repository Interfaces", "{05151AD5-2831-4342-A756-BDFCD6721F2F}"
EndProject
Project("{2150E333-8FDC-42A3-9474-1A3956D46DE8}") = "50 Domain Entities", "50 Domain Entities", "{EBA22281-31D7-4E6C-B95A-A4F1B4FF7F7C}"
EndProject
Project("{2150E333-8FDC-42A3-9474-1A3956D46DE8}") = "60 Common", "60 Common", "{0A7B3DFC-A27D-44C0-BA77-5A5CE302F3E9}"
EndProject
Project("{2150E333-8FDC-42A3-9474-1A3956D46DE8}") = "70 --------------------------", "70 --------------------------", "{2AB0BE88-50B0-4A06-B326-29F68A4153C4}"
EndProject
Project("{2150E333-8FDC-42A3-9474-1A3956D46DE8}") = "80 Dependency Resolvers", "80 Dependency Resolvers", "{A7E88DF4-413A-45C2-AF22-D71AEFF4D377}"
EndProject
Project("{2150E333-8FDC-42A3-9474-1A3956D46DE8}") = "90 Dependencies", "90 Dependencies", "{387AD246-A139-4E94-B410-823C0559CD3A}"
EndProject
Project("{8BB2217D-0F2D-49D1-97BC-3654ED321F3B}") = "WebAPI", "WebAPI\WebAPI.xproj", "{840BF2EA-93DC-4D59-BFDA-ACA6C23ABD2E}"
EndProject
Project("{8BB2217D-0F2D-49D1-97BC-3654ED321F3B}") = "Gonzigonz.SampleApp.RepositoryInterfaces", "Gonzigonz.SampleApp.RepositoryInterfaces\Gonzigonz.SampleApp.RepositoryInterfaces.xproj", "{018C2486-A5AA-4F4F-A8A9-8066F0904D5F}"
EndProject
Project("{8BB2217D-0F2D-49D1-97BC-3654ED321F3B}") = "Gonzigonz.SampleApp.Domain", "Gonzigonz.SampleApp.Domain\Gonzigonz.SampleApp.Domain.xproj", "{0F5548E7-D56B-47BB-9705-BDEFB9B98461}"
EndProject
Project("{2150E333-8FDC-42A3-9474-1A3956D46DE8}") = "Data", "Data", "{33B8D14E-8904-4DBD-88EF-8D23A4343999}"
EndProject
Project("{8BB2217D-0F2D-49D1-97BC-3654ED321F3B}") = "Gonzigonz.SampleApp.Data", "Gonzigonz.SampleApp.Data\Gonzigonz.SampleApp.Data.xproj", "{ADAA64F9-E77F-417B-A9B8-4D56B3DCEAB2}"
EndProject
Project("{2150E333-8FDC-42A3-9474-1A3956D46DE8}") = "WebAPI Clients", "WebAPI Clients", "{08E8172E-752A-4299-A222-B84EF6E7F2B7}"
EndProject
Project("{8BB2217D-0F2D-49D1-97BC-3654ED321F3B}") = "WebClient", "WebClient\WebClient.xproj", "{B69E42FF-F240-4085-9190-9B32C3DF3A73}"
EndProject
Project("{8BB2217D-0F2D-49D1-97BC-3654ED321F3B}") = "WebApp", "WebApp\WebApp.xproj", "{898AA74D-3457-4C76-8AB6-397EBAD1BD34}"
EndProject
Project("{8BB2217D-0F2D-49D1-97BC-3654ED321F3B}") = "Gonzigonz.SampleApp.IdentityServicesInterfaces", "Gonzigonz.SampleApp.IdentityServicesInterfaces\Gonzigonz.SampleApp.IdentityServicesInterfaces.xproj", "{1602DE84-4D9B-4CE9-A27C-E99A335EE8F9}"
EndProject
Project("{2150E333-8FDC-42A3-9474-1A3956D46DE8}") = "Services", "Services", "{BD2CA81A-889E-4230-8E6E-F863AB650F7C}"
EndProject
Project("{8BB2217D-0F2D-49D1-97BC-3654ED321F3B}") = "Gonzigonz.SampleApp.IdentityServices", "Gonzigonz.SampleApp.IdentityServices\Gonzigonz.SampleApp.IdentityServices.xproj", "{3101F563-3A68-4E5D-8BD7-274C65E78DD6}"
EndProject
Global
	GlobalSection(SolutionConfigurationPlatforms) = preSolution
		Debug|Any CPU = Debug|Any CPU
		Release|Any CPU = Release|Any CPU
	EndGlobalSection
	GlobalSection(ProjectConfigurationPlatforms) = postSolution
		{840BF2EA-93DC-4D59-BFDA-ACA6C23ABD2E}.Debug|Any CPU.ActiveCfg = Debug|Any CPU
		{840BF2EA-93DC-4D59-BFDA-ACA6C23ABD2E}.Debug|Any CPU.Build.0 = Debug|Any CPU
		{840BF2EA-93DC-4D59-BFDA-ACA6C23ABD2E}.Release|Any CPU.ActiveCfg = Release|Any CPU
		{840BF2EA-93DC-4D59-BFDA-ACA6C23ABD2E}.Release|Any CPU.Build.0 = Release|Any CPU
		{018C2486-A5AA-4F4F-A8A9-8066F0904D5F}.Debug|Any CPU.ActiveCfg = Debug|Any CPU
		{018C2486-A5AA-4F4F-A8A9-8066F0904D5F}.Debug|Any CPU.Build.0 = Debug|Any CPU
		{018C2486-A5AA-4F4F-A8A9-8066F0904D5F}.Release|Any CPU.ActiveCfg = Release|Any CPU
		{018C2486-A5AA-4F4F-A8A9-8066F0904D5F}.Release|Any CPU.Build.0 = Release|Any CPU
		{0F5548E7-D56B-47BB-9705-BDEFB9B98461}.Debug|Any CPU.ActiveCfg = Debug|Any CPU
		{0F5548E7-D56B-47BB-9705-BDEFB9B98461}.Debug|Any CPU.Build.0 = Debug|Any CPU
		{0F5548E7-D56B-47BB-9705-BDEFB9B98461}.Release|Any CPU.ActiveCfg = Release|Any CPU
		{0F5548E7-D56B-47BB-9705-BDEFB9B98461}.Release|Any CPU.Build.0 = Release|Any CPU
		{ADAA64F9-E77F-417B-A9B8-4D56B3DCEAB2}.Debug|Any CPU.ActiveCfg = Debug|Any CPU
		{ADAA64F9-E77F-417B-A9B8-4D56B3DCEAB2}.Debug|Any CPU.Build.0 = Debug|Any CPU
		{ADAA64F9-E77F-417B-A9B8-4D56B3DCEAB2}.Release|Any CPU.ActiveCfg = Release|Any CPU
		{ADAA64F9-E77F-417B-A9B8-4D56B3DCEAB2}.Release|Any CPU.Build.0 = Release|Any CPU
		{B69E42FF-F240-4085-9190-9B32C3DF3A73}.Debug|Any CPU.ActiveCfg = Debug|Any CPU
		{B69E42FF-F240-4085-9190-9B32C3DF3A73}.Debug|Any CPU.Build.0 = Debug|Any CPU
		{B69E42FF-F240-4085-9190-9B32C3DF3A73}.Release|Any CPU.ActiveCfg = Release|Any CPU
		{B69E42FF-F240-4085-9190-9B32C3DF3A73}.Release|Any CPU.Build.0 = Release|Any CPU
		{898AA74D-3457-4C76-8AB6-397EBAD1BD34}.Debug|Any CPU.ActiveCfg = Debug|Any CPU
		{898AA74D-3457-4C76-8AB6-397EBAD1BD34}.Debug|Any CPU.Build.0 = Debug|Any CPU
		{898AA74D-3457-4C76-8AB6-397EBAD1BD34}.Release|Any CPU.ActiveCfg = Release|Any CPU
		{898AA74D-3457-4C76-8AB6-397EBAD1BD34}.Release|Any CPU.Build.0 = Release|Any CPU
		{1602DE84-4D9B-4CE9-A27C-E99A335EE8F9}.Debug|Any CPU.ActiveCfg = Debug|Any CPU
		{1602DE84-4D9B-4CE9-A27C-E99A335EE8F9}.Debug|Any CPU.Build.0 = Debug|Any CPU
		{1602DE84-4D9B-4CE9-A27C-E99A335EE8F9}.Release|Any CPU.ActiveCfg = Release|Any CPU
		{1602DE84-4D9B-4CE9-A27C-E99A335EE8F9}.Release|Any CPU.Build.0 = Release|Any CPU
		{3101F563-3A68-4E5D-8BD7-274C65E78DD6}.Debug|Any CPU.ActiveCfg = Debug|Any CPU
		{3101F563-3A68-4E5D-8BD7-274C65E78DD6}.Debug|Any CPU.Build.0 = Debug|Any CPU
		{3101F563-3A68-4E5D-8BD7-274C65E78DD6}.Release|Any CPU.ActiveCfg = Release|Any CPU
		{3101F563-3A68-4E5D-8BD7-274C65E78DD6}.Release|Any CPU.Build.0 = Release|Any CPU
	EndGlobalSection
	GlobalSection(SolutionProperties) = preSolution
		HideSolutionNode = FALSE
	EndGlobalSection
	GlobalSection(NestedProjects) = preSolution
		{840BF2EA-93DC-4D59-BFDA-ACA6C23ABD2E} = {C68807E7-4AB6-4075-8B0F-B718201BFB58}
		{018C2486-A5AA-4F4F-A8A9-8066F0904D5F} = {05151AD5-2831-4342-A756-BDFCD6721F2F}
		{0F5548E7-D56B-47BB-9705-BDEFB9B98461} = {EBA22281-31D7-4E6C-B95A-A4F1B4FF7F7C}
		{33B8D14E-8904-4DBD-88EF-8D23A4343999} = {387AD246-A139-4E94-B410-823C0559CD3A}
		{ADAA64F9-E77F-417B-A9B8-4D56B3DCEAB2} = {33B8D14E-8904-4DBD-88EF-8D23A4343999}
		{08E8172E-752A-4299-A222-B84EF6E7F2B7} = {C68807E7-4AB6-4075-8B0F-B718201BFB58}
		{B69E42FF-F240-4085-9190-9B32C3DF3A73} = {08E8172E-752A-4299-A222-B84EF6E7F2B7}
		{898AA74D-3457-4C76-8AB6-397EBAD1BD34} = {C68807E7-4AB6-4075-8B0F-B718201BFB58}
		{1602DE84-4D9B-4CE9-A27C-E99A335EE8F9} = {46FA2355-DF25-46A8-B21D-0DBA8205F68B}
		{BD2CA81A-889E-4230-8E6E-F863AB650F7C} = {387AD246-A139-4E94-B410-823C0559CD3A}
		{3101F563-3A68-4E5D-8BD7-274C65E78DD6} = {BD2CA81A-889E-4230-8E6E-F863AB650F7C}
	EndGlobalSection
EndGlobal
